
Microsoft Visual Studio Solution File, Format Version 12.00
# Visual Studio 2013
VisualStudioVersion = 12.0.30110.0
MinimumVisualStudioVersion = 10.0.40219.1
Project("{FAE04EC0-301F-11D3-BF4B-00C04F79EFBC}") = "AndroidDeviceConfig", "AndroidDeviceConfig\AndroidDeviceConfig.csproj", "{A75E718E-838F-4CAD-B757-9F8AFB1F69CC}"
EndProject
Project("{FAE04EC0-301F-11D3-BF4B-00C04F79EFBC}") = "AndroidDeviceConfig.CliTool", "AndroidDeviceConfig.CliTool\AndroidDeviceConfig.CliTool.csproj", "{38994CF3-AB74-4F24-A1FC-8B6B18E1AF7E}"
EndProject
Project("{FAE04EC0-301F-11D3-BF4B-00C04F79EFBC}") = "AndroidDeviceConfig.WpfTool", "AndroidDeviceConfig.WpfTool\AndroidDeviceConfig.WpfTool.csproj", "{AAB27E3A-3A23-49CB-A393-5AB8F736E17F}"
EndProject
Global
	GlobalSection(SolutionConfigurationPlatforms) = preSolution
		Debug|Any CPU = Debug|Any CPU
		Release|Any CPU = Release|Any CPU
	EndGlobalSection
	GlobalSection(ProjectConfigurationPlatforms) = postSolution
		{A75E718E-838F-4CAD-B757-9F8AFB1F69CC}.Debug|Any CPU.ActiveCfg = Debug|Any CPU
		{A75E718E-838F-4CAD-B757-9F8AFB1F69CC}.Debug|Any CPU.Build.0 = Debug|Any CPU
		{A75E718E-838F-4CAD-B757-9F8AFB1F69CC}.Release|Any CPU.ActiveCfg = Release|Any CPU
		{A75E718E-838F-4CAD-B757-9F8AFB1F69CC}.Release|Any CPU.Build.0 = Release|Any CPU
		{38994CF3-AB74-4F24-A1FC-8B6B18E1AF7E}.Debug|Any CPU.ActiveCfg = Debug|Any CPU
		{38994CF3-AB74-4F24-A1FC-8B6B18E1AF7E}.Debug|Any CPU.Build.0 = Debug|Any CPU
		{38994CF3-AB74-4F24-A1FC-8B6B18E1AF7E}.Release|Any CPU.ActiveCfg = Release|Any CPU
		{38994CF3-AB74-4F24-A1FC-8B6B18E1AF7E}.Release|Any CPU.Build.0 = Release|Any CPU
		{AAB27E3A-3A23-49CB-A393-5AB8F736E17F}.Debug|Any CPU.ActiveCfg = Debug|Any CPU
		{AAB27E3A-3A23-49CB-A393-5AB8F736E17F}.Debug|Any CPU.Build.0 = Debug|Any CPU
		{AAB27E3A-3A23-49CB-A393-5AB8F736E17F}.Release|Any CPU.ActiveCfg = Release|Any CPU
		{AAB27E3A-3A23-49CB-A393-5AB8F736E17F}.Release|Any CPU.Build.0 = Release|Any CPU
	EndGlobalSection
	GlobalSection(SolutionProperties) = preSolution
		HideSolutionNode = FALSE
	EndGlobalSection
EndGlobal
