
Microsoft Visual Studio Solution File, Format Version 12.00
# Visual Studio 2013
VisualStudioVersion = 12.0.30723.0
MinimumVisualStudioVersion = 10.0.40219.1
Project("{FAE04EC0-301F-11D3-BF4B-00C04F79EFBC}") = "AndroidDeviceConfig", "AndroidDeviceConfig\AndroidDeviceConfig.csproj", "{A75E718E-838F-4CAD-B757-9F8AFB1F69CC}"
EndProject
Project("{FAE04EC0-301F-11D3-BF4B-00C04F79EFBC}") = "AndroidDeviceConfig.Test", "AndroidDeviceConfig.Test\AndroidDeviceConfig.Test.csproj", "{66FFF7FF-60C8-4800-B7F0-55F68FAC5183}"
EndProject
Global
	GlobalSection(SolutionConfigurationPlatforms) = preSolution
		Debug|Any CPU = Debug|Any CPU
		Release|Any CPU = Release|Any CPU
	EndGlobalSection
	GlobalSection(ProjectConfigurationPlatforms) = postSolution
		{A75E718E-838F-4CAD-B757-9F8AFB1F69CC}.Debug|Any CPU.ActiveCfg = Debug|Any CPU
		{A75E718E-838F-4CAD-B757-9F8AFB1F69CC}.Debug|Any CPU.Build.0 = Debug|Any CPU
		{A75E718E-838F-4CAD-B757-9F8AFB1F69CC}.Release|Any CPU.ActiveCfg = Release|Any CPU
		{A75E718E-838F-4CAD-B757-9F8AFB1F69CC}.Release|Any CPU.Build.0 = Release|Any CPU
		{66FFF7FF-60C8-4800-B7F0-55F68FAC5183}.Debug|Any CPU.ActiveCfg = Debug|Any CPU
		{66FFF7FF-60C8-4800-B7F0-55F68FAC5183}.Debug|Any CPU.Build.0 = Debug|Any CPU
		{66FFF7FF-60C8-4800-B7F0-55F68FAC5183}.Release|Any CPU.ActiveCfg = Release|Any CPU
		{66FFF7FF-60C8-4800-B7F0-55F68FAC5183}.Release|Any CPU.Build.0 = Release|Any CPU
	EndGlobalSection
	GlobalSection(SolutionProperties) = preSolution
		HideSolutionNode = FALSE
	EndGlobalSection
EndGlobal
